version: v0.138.7
dependencies:
- name: consul
  repository: https://helm.releases.hashicorp.com
  version: 0.31.1
- name: kafka
  repository: https://charts.bitnami.com/bitnami
  version: 12.7.3
- name: keycloak
  repository: https://codecentric.github.io/helm-charts
  version: 10.1.0
- name: postgresql
  repository: https://charts.bitnami.com/bitnami
  version: 9.7.2
- name: raw
  repository: https://rbkmoney.github.io/charts
  version: 0.1.1
- name: raw
  repository: https://rbkmoney.github.io/charts
  version: 0.1.1
- name: statefull
  repository: https://rbkmoney.github.io/charts
  version: 0.1.19
- name: statefull
  repository: https://rbkmoney.github.io/charts
  version: 0.1.19
- name: stateless
  repository: https://rbkmoney.github.io/charts
  version: 0.1.14
- name: stateless
  repository: https://rbkmoney.github.io/charts
  version: 0.1.14
- name: stateless
  repository: https://rbkmoney.github.io/charts
  version: 0.1.14
- name: stateless
  repository: https://rbkmoney.github.io/charts
  version: 0.1.14
- name: stateless
  repository: https://rbkmoney.github.io/charts
  version: 0.1.14
- name: stateless
  repository: https://rbkmoney.github.io/charts
  version: 0.1.14
- name: stateless
  repository: https://rbkmoney.github.io/charts
  version: 0.1.14
- name: stateless
  repository: https://rbkmoney.github.io/charts
  version: 0.1.14
- name: stateless
  repository: https://rbkmoney.github.io/charts
  version: 0.1.14
- name: stateless
  repository: https://rbkmoney.github.io/charts
  version: 0.1.14
- name: stateless
  repository: https://rbkmoney.github.io/charts
  version: 0.1.14
- name: stateless
  repository: https://rbkmoney.github.io/charts
  version: 0.1.14
- name: stateless
  repository: https://rbkmoney.github.io/charts
  version: 0.1.14
- name: stateless
  repository: https://rbkmoney.github.io/charts
  version: 0.1.14
- name: stateless
  repository: https://rbkmoney.github.io/charts
  version: 0.1.14
- name: stateless
  repository: https://rbkmoney.github.io/charts
  version: 0.1.14
- name: stateless
  repository: https://rbkmoney.github.io/charts
  version: 0.1.14
- name: stateless
  repository: https://rbkmoney.github.io/charts
  version: 0.1.14
- name: stateless
  repository: https://rbkmoney.github.io/charts
  version: 0.1.14
- name: stateless
  repository: https://rbkmoney.github.io/charts
  version: 0.1.14
- name: stateless
  repository: https://rbkmoney.github.io/charts
  version: 0.1.14
- name: stateless
  repository: https://rbkmoney.github.io/charts
  version: 0.1.14
- name: stateless
  repository: https://rbkmoney.github.io/charts
  version: 0.1.14
- name: stateless
  repository: https://rbkmoney.github.io/charts
  version: 0.1.14
- name: test-transaction
  repository: https://rbkmoney.github.io/charts
  version: 0.1.5
- name: vault
  repository: https://helm.releases.hashicorp.com
  version: 0.9.1
digest: sha256:e92a08c70c24b0712d37bdd91dce04a972b1deebcfd3ba4905f416d102dafc68
generated: "2021-03-25T09:53:28.021524977+03:00"
