version: v0.138.7
dependencies:
- name: consul
  repository: https://helm.releases.hashicorp.com
  version: 0.30.0
- name: kafka
  repository: https://charts.bitnami.com/bitnami
  version: 12.7.3
- name: keycloak
  repository: https://codecentric.github.io/helm-charts
  version: 10.1.0
- name: postgresql
  repository: https://charts.bitnami.com/bitnami
  version: 9.7.2
- name: raw
  repository: https://rbkmoney.github.io/charts
  version: 0.1.1
- name: raw
  repository: https://rbkmoney.github.io/charts
  version: 0.1.1
- name: statefull
  repository: https://rbkmoney.github.io/charts
  version: 0.1.19
- name: statefull
  repository: https://rbkmoney.github.io/charts
  version: 0.1.19
- name: stateless
  repository: https://rbkmoney.github.io/charts
  version: 0.1.14
- name: stateless
  repository: https://rbkmoney.github.io/charts
  version: 0.1.14
- name: stateless
  repository: https://rbkmoney.github.io/charts
  version: 0.1.14
- name: stateless
  repository: https://rbkmoney.github.io/charts
  version: 0.1.14
- name: stateless
  repository: https://rbkmoney.github.io/charts
  version: 0.1.14
- name: stateless
  repository: https://rbkmoney.github.io/charts
  version: 0.1.14
- name: stateless
  repository: https://rbkmoney.github.io/charts
  version: 0.1.14
- name: stateless
  repository: https://rbkmoney.github.io/charts
  version: 0.1.14
- name: stateless
  repository: https://rbkmoney.github.io/charts
  version: 0.1.14
- name: stateless
  repository: https://rbkmoney.github.io/charts
  version: 0.1.14
- name: stateless
  repository: https://rbkmoney.github.io/charts
  version: 0.1.14
- name: stateless
  repository: https://rbkmoney.github.io/charts
  version: 0.1.14
- name: stateless
  repository: https://rbkmoney.github.io/charts
  version: 0.1.14
- name: stateless
  repository: https://rbkmoney.github.io/charts
  version: 0.1.14
- name: stateless
  repository: https://rbkmoney.github.io/charts
  version: 0.1.14
- name: stateless
  repository: https://rbkmoney.github.io/charts
  version: 0.1.14
- name: stateless
  repository: https://rbkmoney.github.io/charts
  version: 0.1.14
- name: stateless
  repository: https://rbkmoney.github.io/charts
  version: 0.1.14
- name: stateless
  repository: https://rbkmoney.github.io/charts
  version: 0.1.14
- name: stateless
  repository: https://rbkmoney.github.io/charts
  version: 0.1.14
- name: stateless
  repository: https://rbkmoney.github.io/charts
  version: 0.1.14
- name: stateless
  repository: https://rbkmoney.github.io/charts
  version: 0.1.14
- name: stateless
  repository: https://rbkmoney.github.io/charts
  version: 0.1.14
- name: stateless
  repository: https://rbkmoney.github.io/charts
  version: 0.1.14
- name: test-transaction
  repository: https://rbkmoney.github.io/charts
  version: 0.1.5
- name: vault
  repository: https://helm.releases.hashicorp.com
  version: 0.9.1
digest: sha256:7ea120da59c285ce27c0b9a74120b7b3f6c0a82f64712bc1d2d8bfa2e9196fc7
generated: "2021-03-18T18:26:01.331610549+03:00"
