version: v0.138.7
dependencies:
- name: elk
  repository: https://rbkmoney.github.io/charts
  version: 0.1.1
- name: ingress-nginx
  repository: https://kubernetes.github.io/ingress-nginx
  version: 3.29.0
digest: sha256:cb27563674538785835e99cb9a9467b09724820d097e582dc7e9ded4f86a3a68
generated: "2021-04-16T18:17:30.938027+03:00"
